PODS:
  - AFNetworking (3.1.0):
    - AFNetworking/NSURLSession (= 3.1.0)
    - AFNetworking/Reachability (= 3.1.0)
    - AFNetworking/Security (= 3.1.0)
    - AFNetworking/Serialization (= 3.1.0)
    - AFNetworking/UIKit (= 3.1.0)
  - AFNetworking/NSURLSession (3.1.0):
    - AFNetworking/Reachability
    - AFNetworking/Security
    - AFNetworking/Serialization
  - AFNetworking/Reachability (3.1.0)
  - AFNetworking/Security (3.1.0)
  - AFNetworking/Serialization (3.1.0)
  - AFNetworking/UIKit (3.1.0):
    - AFNetworking/NSURLSession
  - AKSessionManager (0.1.0):
    - AFNetworking

DEPENDENCIES:
  - AKSessionManager (from `../`)

EXTERNAL SOURCES:
  AKSessionManager:
    :path: ../

SPEC CHECKSUMS:
  AFNetworking: 5e0e199f73d8626b11e79750991f5d173d1f8b67
  AKSessionManager: b0ccea70ee7c05423fc046ec2f2321872f1d8f57

PODFILE CHECKSUM: ae3c14292fe9496ca13dcb911c05af0d11035b26

COCOAPODS: 1.1.1
